
Microsoft Visual Studio Solution File, Format Version 12.00
# Visual Studio Version 17
VisualStudioVersion = 17.4.33103.184
MinimumVisualStudioVersion = 10.0.40219.1
Project("{FAE04EC0-301F-11D3-BF4B-00C04F79EFBC}") = "ProjetoOCR", "ProjetoOCR.csproj", "{75CAB7FC-005A-46EE-9208-2C5316B9F0F7}"
EndProject
Global
	GlobalSection(SolutionConfigurationPlatforms) = preSolution
		Debug|Any CPU = Debug|Any CPU
		Release|Any CPU = Release|Any CPU
	EndGlobalSection
	GlobalSection(ProjectConfigurationPlatforms) = postSolution
		{75CAB7FC-005A-46EE-9208-2C5316B9F0F7}.Debug|Any CPU.ActiveCfg = Debug|Any CPU
		{75CAB7FC-005A-46EE-9208-2C5316B9F0F7}.Debug|Any CPU.Build.0 = Debug|Any CPU
		{75CAB7FC-005A-46EE-9208-2C5316B9F0F7}.Release|Any CPU.ActiveCfg = Release|Any CPU
		{75CAB7FC-005A-46EE-9208-2C5316B9F0F7}.Release|Any CPU.Build.0 = Release|Any CPU
	EndGlobalSection
	GlobalSection(SolutionProperties) = preSolution
		HideSolutionNode = FALSE
	EndGlobalSection
	GlobalSection(ExtensibilityGlobals) = postSolution
		SolutionGuid = {FE71374C-F841-4B08-924C-4FBD0F1789C3}
	EndGlobalSection
EndGlobal
